{
  "originHash" : "6b9c3d754b2d53e5514de61ceefb38d09461844bad0cb53cf08d68e622a2cd7f",
  "pins" : [
    {
      "identity" : "tmdb",
      "kind" : "remoteSourceControl",
      "location" : "https://github.com/adamayoung/TMDb.git",
      "state" : {
        "revision" : "9874e193baf7a39e6c82b82efd267c1399b97d80",
        "version" : "13.4.0"
      }
    }
  ],
  "version" : 3
}
