{
  "originHash" : "6b9c3d754b2d53e5514de61ceefb38d09461844bad0cb53cf08d68e622a2cd7f",
  "pins" : [
    {
      "identity" : "tmdb",
      "kind" : "remoteSourceControl",
      "location" : "https://github.com/adamayoung/TMDb.git",
      "state" : {
        "revision" : "08094ced7430dcca87c862a4439c9939920b7a55",
        "version" : "13.1.0"
      }
    }
  ],
  "version" : 3
}
